
Microsoft Visual Studio Solution File, Format Version 12.00
# Visual Studio 15
VisualStudioVersion = 15.0.26124.0
MinimumVisualStudioVersion = 15.0.26124.0
Project("{FAE04EC0-301F-11D3-BF4B-00C04F79EFBC}") = "OdeToFood", "OdeToFood\OdeToFood.csproj", "{6B912373-E3EF-408E-AEEC-589FAC25BB48}"
EndProject
Project("{FAE04EC0-301F-11D3-BF4B-00C04F79EFBC}") = "OdeToFood.Core", "OdeToFood.Core\OdeToFood.Core.csproj", "{755B3721-31E9-42B9-9134-34A2CEA759AD}"
EndProject
Project("{FAE04EC0-301F-11D3-BF4B-00C04F79EFBC}") = "OdeToFood.Data", "OdeToFood.Data\OdeToFood.Data.csproj", "{DF4FDABF-2BA3-4866-8885-36C0EFDC8A2A}"
EndProject
Global
	GlobalSection(SolutionConfigurationPlatforms) = preSolution
		Debug|Any CPU = Debug|Any CPU
		Debug|x64 = Debug|x64
		Debug|x86 = Debug|x86
		Release|Any CPU = Release|Any CPU
		Release|x64 = Release|x64
		Release|x86 = Release|x86
	EndGlobalSection
	GlobalSection(SolutionProperties) = preSolution
		HideSolutionNode = FALSE
	EndGlobalSection
	GlobalSection(ProjectConfigurationPlatforms) = postSolution
		{6B912373-E3EF-408E-AEEC-589FAC25BB48}.Debug|Any CPU.ActiveCfg = Debug|Any CPU
		{6B912373-E3EF-408E-AEEC-589FAC25BB48}.Debug|Any CPU.Build.0 = Debug|Any CPU
		{6B912373-E3EF-408E-AEEC-589FAC25BB48}.Debug|x64.ActiveCfg = Debug|Any CPU
		{6B912373-E3EF-408E-AEEC-589FAC25BB48}.Debug|x64.Build.0 = Debug|Any CPU
		{6B912373-E3EF-408E-AEEC-589FAC25BB48}.Debug|x86.ActiveCfg = Debug|Any CPU
		{6B912373-E3EF-408E-AEEC-589FAC25BB48}.Debug|x86.Build.0 = Debug|Any CPU
		{6B912373-E3EF-408E-AEEC-589FAC25BB48}.Release|Any CPU.ActiveCfg = Release|Any CPU
		{6B912373-E3EF-408E-AEEC-589FAC25BB48}.Release|Any CPU.Build.0 = Release|Any CPU
		{6B912373-E3EF-408E-AEEC-589FAC25BB48}.Release|x64.ActiveCfg = Release|Any CPU
		{6B912373-E3EF-408E-AEEC-589FAC25BB48}.Release|x64.Build.0 = Release|Any CPU
		{6B912373-E3EF-408E-AEEC-589FAC25BB48}.Release|x86.ActiveCfg = Release|Any CPU
		{6B912373-E3EF-408E-AEEC-589FAC25BB48}.Release|x86.Build.0 = Release|Any CPU
		{755B3721-31E9-42B9-9134-34A2CEA759AD}.Debug|Any CPU.ActiveCfg = Debug|Any CPU
		{755B3721-31E9-42B9-9134-34A2CEA759AD}.Debug|Any CPU.Build.0 = Debug|Any CPU
		{755B3721-31E9-42B9-9134-34A2CEA759AD}.Debug|x64.ActiveCfg = Debug|Any CPU
		{755B3721-31E9-42B9-9134-34A2CEA759AD}.Debug|x64.Build.0 = Debug|Any CPU
		{755B3721-31E9-42B9-9134-34A2CEA759AD}.Debug|x86.ActiveCfg = Debug|Any CPU
		{755B3721-31E9-42B9-9134-34A2CEA759AD}.Debug|x86.Build.0 = Debug|Any CPU
		{755B3721-31E9-42B9-9134-34A2CEA759AD}.Release|Any CPU.ActiveCfg = Release|Any CPU
		{755B3721-31E9-42B9-9134-34A2CEA759AD}.Release|Any CPU.Build.0 = Release|Any CPU
		{755B3721-31E9-42B9-9134-34A2CEA759AD}.Release|x64.ActiveCfg = Release|Any CPU
		{755B3721-31E9-42B9-9134-34A2CEA759AD}.Release|x64.Build.0 = Release|Any CPU
		{755B3721-31E9-42B9-9134-34A2CEA759AD}.Release|x86.ActiveCfg = Release|Any CPU
		{755B3721-31E9-42B9-9134-34A2CEA759AD}.Release|x86.Build.0 = Release|Any CPU
		{DF4FDABF-2BA3-4866-8885-36C0EFDC8A2A}.Debug|Any CPU.ActiveCfg = Debug|Any CPU
		{DF4FDABF-2BA3-4866-8885-36C0EFDC8A2A}.Debug|Any CPU.Build.0 = Debug|Any CPU
		{DF4FDABF-2BA3-4866-8885-36C0EFDC8A2A}.Debug|x64.ActiveCfg = Debug|Any CPU
		{DF4FDABF-2BA3-4866-8885-36C0EFDC8A2A}.Debug|x64.Build.0 = Debug|Any CPU
		{DF4FDABF-2BA3-4866-8885-36C0EFDC8A2A}.Debug|x86.ActiveCfg = Debug|Any CPU
		{DF4FDABF-2BA3-4866-8885-36C0EFDC8A2A}.Debug|x86.Build.0 = Debug|Any CPU
		{DF4FDABF-2BA3-4866-8885-36C0EFDC8A2A}.Release|Any CPU.ActiveCfg = Release|Any CPU
		{DF4FDABF-2BA3-4866-8885-36C0EFDC8A2A}.Release|Any CPU.Build.0 = Release|Any CPU
		{DF4FDABF-2BA3-4866-8885-36C0EFDC8A2A}.Release|x64.ActiveCfg = Release|Any CPU
		{DF4FDABF-2BA3-4866-8885-36C0EFDC8A2A}.Release|x64.Build.0 = Release|Any CPU
		{DF4FDABF-2BA3-4866-8885-36C0EFDC8A2A}.Release|x86.ActiveCfg = Release|Any CPU
		{DF4FDABF-2BA3-4866-8885-36C0EFDC8A2A}.Release|x86.Build.0 = Release|Any CPU
	EndGlobalSection
EndGlobal
